// !$*UTF8*$!
{
	archiveVersion = 1;
	classes = {
	};
	objectVersion = 50;
	objects = {

/* Begin PBXBuildFile section */
		A3E4EBCD26C36C0200D7DFA6 /* AppDelegate.swift in Sources */ = {isa = PBXBuildFile; fileRef = A3E4EBCC26C36C0200D7DFA6 /* AppDelegate.swift */; };
		A3E4EBCF26C36C0200D7DFA6 /* SceneDelegate.swift in Sources */ = {isa = PBXBuildFile; fileRef = A3E4EBCE26C36C0200D7DFA6 /* SceneDelegate.swift */; };
		A3E4EBD126C36C0200D7DFA6 /* ViewController.swift in Sources */ = {isa = PBXBuildFile; fileRef = A3E4EBD026C36C0200D7DFA6 /* ViewController.swift */; };
		A3E4EBD426C36C0200D7DFA6 /* Main.storyboard in Resources */ = {isa = PBXBuildFile; fileRef = A3E4EBD226C36C0200D7DFA6 /* Main.storyboard */; };
		A3E4EBD626C36C0500D7DFA6 /* Assets.xcassets in Resources */ = {isa = PBXBuildFile; fileRef = A3E4EBD526C36C0500D7DFA6 /* Assets.xcassets */; };
		A3E4EBD926C36C0500D7DFA6 /* LaunchScreen.storyboard in Resources */ = {isa = PBXBuildFile; fileRef = A3E4EBD726C36C0500D7DFA6 /* LaunchScreen.storyboard */; };
		A3E4EBE426C36C0600D7DFA6 /* CuserTests.swift in Sources */ = {isa = PBXBuildFile; fileRef = A3E4EBE326C36C0600D7DFA6 /* CuserTests.swift */; };
		A3E4EBEF26C36C0600D7DFA6 /* CuserUITests.swift in Sources */ = {isa = PBXBuildFile; fileRef = A3E4EBEE26C36C0600D7DFA6 /* CuserUITests.swift */; };
/* End PBXBuildFile section */

/* Begin PBXContainerItemProxy section */
		A3E4EBE026C36C0600D7DFA6 /* PBXContainerItemProxy */ = {
			isa = PBXContainerItemProxy;
			containerPortal = A3E4EBC126C36C0200D7DFA6 /* Project object */;
			proxyType = 1;
			remoteGlobalIDString = A3E4EBC826C36C0200D7DFA6;
			remoteInfo = Cuser;
		};
		A3E4EBEB26C36C0600D7DFA6 /* PBXContainerItemProxy */ = {
			isa = PBXContainerItemProxy;
			containerPortal = A3E4EBC126C36C0200D7DFA6 /* Project object */;
			proxyType = 1;
			remoteGlobalIDString = A3E4EBC826C36C0200D7DFA6;
			remoteInfo = Cuser;
		};
/* End PBXContainerItemProxy section */

/* Begin PBXFileReference section */
		A3E4EBC926C36C0200D7DFA6 /* Cuser.app */ = {isa = PBXFileReference; explicitFileType = wrapper.application; includeInIndex = 0; path = Cuser.app; sourceTree = BUILT_PRODUCTS_DIR; };
		A3E4EBCC26C36C0200D7DFA6 /* AppDelegate.swift */ = {isa = PBXFileReference; lastKnownFileType = sourcecode.swift; path = AppDelegate.swift; sourceTree = "<group>"; };
		A3E4EBCE26C36C0200D7DFA6 /* SceneDelegate.swift */ = {isa = PBXFileReference; lastKnownFileType = sourcecode.swift; path = SceneDelegate.swift; sourceTree = "<group>"; };
		A3E4EBD026C36C0200D7DFA6 /* ViewController.swift */ = {isa = PBXFileReference; lastKnownFileType = sourcecode.swift; path = ViewController.swift; sourceTree = "<group>"; };
		A3E4EBD326C36C0200D7DFA6 /* Base */ = {isa = PBXFileReference; lastKnownFileType = file.storyboard; name = Base; path = Base.lproj/Main.storyboard; sourceTree = "<group>"; };
		A3E4EBD526C36C0500D7DFA6 /* Assets.xcassets */ = {isa = PBXFileReference; lastKnownFileType = folder.assetcatalog; path = Assets.xcassets; sourceTree = "<group>"; };
		A3E4EBD826C36C0500D7DFA6 /* Base */ = {isa = PBXFileReference; lastKnownFileType = file.storyboard; name = Base; path = Base.lproj/LaunchScreen.storyboard; sourceTree = "<group>"; };
		A3E4EBDA26C36C0500D7DFA6 /* Info.plist */ = {isa = PBXFileReference; lastKnownFileType = text.plist.xml; path = Info.plist; sourceTree = "<group>"; };
		A3E4EBDF26C36C0600D7DFA6 /* CuserTests.xctest */ = {isa = PBXFileReference; explicitFileType = wrapper.cfbundle; includeInIndex = 0; path = CuserTests.xctest; sourceTree = BUILT_PRODUCTS_DIR; };
		A3E4EBE326C36C0600D7DFA6 /* CuserTests.swift */ = {isa = PBXFileReference; lastKnownFileType = sourcecode.swift; path = CuserTests.swift; sourceTree = "<group>"; };
		A3E4EBE526C36C0600D7DFA6 /* Info.plist */ = {isa = PBXFileReference; lastKnownFileType = text.plist.xml; path = Info.plist; sourceTree = "<group>"; };
		A3E4EBEA26C36C0600D7DFA6 /* CuserUITests.xctest */ = {isa = PBXFileReference; explicitFileType = wrapper.cfbundle; includeInIndex = 0; path = CuserUITests.xctest; sourceTree = BUILT_PRODUCTS_DIR; };
		A3E4EBEE26C36C0600D7DFA6 /* CuserUITests.swift */ = {isa = PBXFileReference; lastKnownFileType = sourcecode.swift; path = CuserUITests.swift; sourceTree = "<group>"; };
		A3E4EBF026C36C0600D7DFA6 /* Info.plist */ = {isa = PBXFileReference; lastKnownFileType = text.plist.xml; path = Info.plist; sourceTree = "<group>"; };
/* End PBXFileReference section */

/* Begin PBXFrameworksBuildPhase section */
		A3E4EBC626C36C0200D7DFA6 /* Frameworks */ = {
			isa = PBXFrameworksBuildPhase;
			buildActionMask = 2147483647;
			files = (
			);
			runOnlyForDeploymentPostprocessing = 0;
		};
		A3E4EBDC26C36C0600D7DFA6 /* Frameworks */ = {
			isa = PBXFrameworksBuildPhase;
			buildActionMask = 2147483647;
			files = (
			);
			runOnlyForDeploymentPostprocessing = 0;
		};
		A3E4EBE726C36C0600D7DFA6 /* Frameworks */ = {
			isa = PBXFrameworksBuildPhase;
			buildActionMask = 2147483647;
			files = (
			);
			runOnlyForDeploymentPostprocessing = 0;
		};
/* End PBXFrameworksBuildPhase section */

/* Begin PBXGroup section */
		A3E4EBC026C36C0200D7DFA6 = {
			isa = PBXGroup;
			children = (
				A3E4EBCB26C36C0200D7DFA6 /* Cuser */,
				A3E4EBE226C36C0600D7DFA6 /* CuserTests */,
				A3E4EBED26C36C0600D7DFA6 /* CuserUITests */,
				A3E4EBCA26C36C0200D7DFA6 /* Products */,
			);
			sourceTree = "<group>";
		};
		A3E4EBCA26C36C0200D7DFA6 /* Products */ = {
			isa = PBXGroup;
			children = (
				A3E4EBC926C36C0200D7DFA6 /* Cuser.app */,
				A3E4EBDF26C36C0600D7DFA6 /* CuserTests.xctest */,
				A3E4EBEA26C36C0600D7DFA6 /* CuserUITests.xctest */,
			);
			name = Products;
			sourceTree = "<group>";
		};
		A3E4EBCB26C36C0200D7DFA6 /* Cuser */ = {
			isa = PBXGroup;
			children = (
				A3E4EBCC26C36C0200D7DFA6 /* AppDelegate.swift */,
				A3E4EBCE26C36C0200D7DFA6 /* SceneDelegate.swift */,
				A3E4EBD026C36C0200D7DFA6 /* ViewController.swift */,
				A3E4EBD226C36C0200D7DFA6 /* Main.storyboard */,
				A3E4EBD526C36C0500D7DFA6 /* Assets.xcassets */,
				A3E4EBD726C36C0500D7DFA6 /* LaunchScreen.storyboard */,
				A3E4EBDA26C36C0500D7DFA6 /* Info.plist */,
			);
			path = Cuser;
			sourceTree = "<group>";
		};
		A3E4EBE226C36C0600D7DFA6 /* CuserTests */ = {
			isa = PBXGroup;
			children = (
				A3E4EBE326C36C0600D7DFA6 /* CuserTests.swift */,
				A3E4EBE526C36C0600D7DFA6 /* Info.plist */,
			);
			path = CuserTests;
			sourceTree = "<group>";
		};
		A3E4EBED26C36C0600D7DFA6 /* CuserUITests */ = {
			isa = PBXGroup;
			children = (
				A3E4EBEE26C36C0600D7DFA6 /* CuserUITests.swift */,
				A3E4EBF026C36C0600D7DFA6 /* Info.plist */,
			);
			path = CuserUITests;
			sourceTree = "<group>";
		};
/* End PBXGroup section */

/* Begin PBXNativeTarget section */
		A3E4EBC826C36C0200D7DFA6 /* Cuser */ = {
			isa = PBXNativeTarget;
			buildConfigurationList = A3E4EBF326C36C0600D7DFA6 /* Build configuration list for PBXNativeTarget "Cuser" */;
			buildPhases = (
				A3E4EBC526C36C0200D7DFA6 /* Sources */,
				A3E4EBC626C36C0200D7DFA6 /* Frameworks */,
				A3E4EBC726C36C0200D7DFA6 /* Resources */,
			);
			buildRules = (
			);
			dependencies = (
			);
			name = Cuser;
			productName = Cuser;
			productReference = A3E4EBC926C36C0200D7DFA6 /* Cuser.app */;
			productType = "com.apple.product-type.application";
		};
		A3E4EBDE26C36C0600D7DFA6 /* CuserTests */ = {
			isa = PBXNativeTarget;
			buildConfigurationList = A3E4EBF626C36C0600D7DFA6 /* Build configuration list for PBXNativeTarget "CuserTests" */;
			buildPhases = (
				A3E4EBDB26C36C0600D7DFA6 /* Sources */,
				A3E4EBDC26C36C0600D7DFA6 /* Frameworks */,
				A3E4EBDD26C36C0600D7DFA6 /* Resources */,
			);
			buildRules = (
			);
			dependencies = (
				A3E4EBE126C36C0600D7DFA6 /* PBXTargetDependency */,
			);
			name = CuserTests;
			productName = CuserTests;
			productReference = A3E4EBDF26C36C0600D7DFA6 /* CuserTests.xctest */;
			productType = "com.apple.product-type.bundle.unit-test";
		};
		A3E4EBE926C36C0600D7DFA6 /* CuserUITests */ = {
			isa = PBXNativeTarget;
			buildConfigurationList = A3E4EBF926C36C0600D7DFA6 /* Build configuration list for PBXNativeTarget "CuserUITests" */;
			buildPhases = (
				A3E4EBE626C36C0600D7DFA6 /* Sources */,
				A3E4EBE726C36C0600D7DFA6 /* Frameworks */,
				A3E4EBE826C36C0600D7DFA6 /* Resources */,
			);
			buildRules = (
			);
			dependencies = (
				A3E4EBEC26C36C0600D7DFA6 /* PBXTargetDependency */,
			);
			name = CuserUITests;
			productName = CuserUITests;
			productReference = A3E4EBEA26C36C0600D7DFA6 /* CuserUITests.xctest */;
			productType = "com.apple.product-type.bundle.ui-testing";
		};
/* End PBXNativeTarget section */

/* Begin PBXProject section */
		A3E4EBC126C36C0200D7DFA6 /* Project object */ = {
			isa = PBXProject;
			attributes = {
				LastSwiftUpdateCheck = 1250;
				LastUpgradeCheck = 1250;
				TargetAttributes = {
					A3E4EBC826C36C0200D7DFA6 = {
						CreatedOnToolsVersion = 12.5.1;
					};
					A3E4EBDE26C36C0600D7DFA6 = {
						CreatedOnToolsVersion = 12.5.1;
						TestTargetID = A3E4EBC826C36C0200D7DFA6;
					};
					A3E4EBE926C36C0600D7DFA6 = {
						CreatedOnToolsVersion = 12.5.1;
						TestTargetID = A3E4EBC826C36C0200D7DFA6;
					};
				};
			};
			buildConfigurationList = A3E4EBC426C36C0200D7DFA6 /* Build configuration list for PBXProject "Cuser" */;
			compatibilityVersion = "Xcode 9.3";
			developmentRegion = en;
			hasScannedForEncodings = 0;
			knownRegions = (
				en,
				Base,
			);
			mainGroup = A3E4EBC026C36C0200D7DFA6;
			productRefGroup = A3E4EBCA26C36C0200D7DFA6 /* Products */;
			projectDirPath = "";
			projectRoot = "";
			targets = (
				A3E4EBC826C36C0200D7DFA6 /* Cuser */,
				A3E4EBDE26C36C0600D7DFA6 /* CuserTests */,
				A3E4EBE926C36C0600D7DFA6 /* CuserUITests */,
			);
		};
/* End PBXProject section */

/* Begin PBXResourcesBuildPhase section */
		A3E4EBC726C36C0200D7DFA6 /* Resources */ = {
			isa = PBXResourcesBuildPhase;
			buildActionMask = 2147483647;
			files = (
				A3E4EBD926C36C0500D7DFA6 /* LaunchScreen.storyboard in Resources */,
				A3E4EBD626C36C0500D7DFA6 /* Assets.xcassets in Resources */,
				A3E4EBD426C36C0200D7DFA6 /* Main.storyboard in Resources */,
			);
			runOnlyForDeploymentPostprocessing = 0;
		};
		A3E4EBDD26C36C0600D7DFA6 /* Resources */ = {
			isa = PBXResourcesBuildPhase;
			buildActionMask = 2147483647;
			files = (
			);
			runOnlyForDeploymentPostprocessing = 0;
		};
		A3E4EBE826C36C0600D7DFA6 /* Resources */ = {
			isa = PBXResourcesBuildPhase;
			buildActionMask = 2147483647;
			files = (
			);
			runOnlyForDeploymentPostprocessing = 0;
		};
/* End PBXResourcesBuildPhase section */

/* Begin PBXSourcesBuildPhase section */
		A3E4EBC526C36C0200D7DFA6 /* Sources */ = {
			isa = PBXSourcesBuildPhase;
			buildActionMask = 2147483647;
			files = (
				A3E4EBD126C36C0200D7DFA6 /* ViewController.swift in Sources */,
				A3E4EBCD26C36C0200D7DFA6 /* AppDelegate.swift in Sources */,
				A3E4EBCF26C36C0200D7DFA6 /* SceneDelegate.swift in Sources */,
			);
			runOnlyForDeploymentPostprocessing = 0;
		};
		A3E4EBDB26C36C0600D7DFA6 /* Sources */ = {
			isa = PBXSourcesBuildPhase;
			buildActionMask = 2147483647;
			files = (
				A3E4EBE426C36C0600D7DFA6 /* CuserTests.swift in Sources */,
			);
			runOnlyForDeploymentPostprocessing = 0;
		};
		A3E4EBE626C36C0600D7DFA6 /* Sources */ = {
			isa = PBXSourcesBuildPhase;
			buildActionMask = 2147483647;
			files = (
				A3E4EBEF26C36C0600D7DFA6 /* CuserUITests.swift in Sources */,
			);
			runOnlyForDeploymentPostprocessing = 0;
		};
/* End PBXSourcesBuildPhase section */

/* Begin PBXTargetDependency section */
		A3E4EBE126C36C0600D7DFA6 /* PBXTargetDependency */ = {
			isa = PBXTargetDependency;
			target = A3E4EBC826C36C0200D7DFA6 /* Cuser */;
			targetProxy = A3E4EBE026C36C0600D7DFA6 /* PBXContainerItemProxy */;
		};
		A3E4EBEC26C36C0600D7DFA6 /* PBXTargetDependency */ = {
			isa = PBXTargetDependency;
			target = A3E4EBC826C36C0200D7DFA6 /* Cuser */;
			targetProxy = A3E4EBEB26C36C0600D7DFA6 /* PBXContainerItemProxy */;
		};
/* End PBXTargetDependency section */

/* Begin PBXVariantGroup section */
		A3E4EBD226C36C0200D7DFA6 /* Main.storyboard */ = {
			isa = PBXVariantGroup;
			children = (
				A3E4EBD326C36C0200D7DFA6 /* Base */,
			);
			name = Main.storyboard;
			sourceTree = "<group>";
		};
		A3E4EBD726C36C0500D7DFA6 /* LaunchScreen.storyboard */ = {
			isa = PBXVariantGroup;
			children = (
				A3E4EBD826C36C0500D7DFA6 /* Base */,
			);
			name = LaunchScreen.storyboard;
			sourceTree = "<group>";
		};
/* End PBXVariantGroup section */

/* Begin XCBuildConfiguration section */
		A3E4EBF126C36C0600D7DFA6 /* Debug */ = {
			isa = XCBuildConfiguration;
			buildSettings = {
				ALWAYS_SEARCH_USER_PATHS = NO;
				CLANG_ANALYZER_NONNULL = YES;
				CLANG_ANALYZER_NUMBER_OBJECT_CONVERSION = YES_AGGRESSIVE;
				CLANG_CXX_LANGUAGE_STANDARD = "gnu++14";
				CLANG_CXX_LIBRARY = "libc++";
				CLANG_ENABLE_MODULES = YES;
				CLANG_ENABLE_OBJC_ARC = YES;
				CLANG_ENABLE_OBJC_WEAK = YES;
				CLANG_WARN_BLOCK_CAPTURE_AUTORELEASING = YES;
				CLANG_WARN_BOOL_CONVERSION = YES;
				CLANG_WARN_COMMA = YES;
				CLANG_WARN_CONSTANT_CONVERSION = YES;
				CLANG_WARN_DEPRECATED_OBJC_IMPLEMENTATIONS = YES;
				CLANG_WARN_DIRECT_OBJC_ISA_USAGE = YES_ERROR;
				CLANG_WARN_DOCUMENTATION_COMMENTS = YES;
				CLANG_WARN_EMPTY_BODY = YES;
				CLANG_WARN_ENUM_CONVERSION = YES;
				CLANG_WARN_INFINITE_RECURSION = YES;
				CLANG_WARN_INT_CONVERSION = YES;
				CLANG_WARN_NON_LITERAL_NULL_CONVERSION = YES;
				CLANG_WARN_OBJC_IMPLICIT_RETAIN_SELF = YES;
				CLANG_WARN_OBJC_LITERAL_CONVERSION = YES;
				CLANG_WARN_OBJC_ROOT_CLASS = YES_ERROR;
				CLANG_WARN_QUOTED_INCLUDE_IN_FRAMEWORK_HEADER = YES;
				CLANG_WARN_RANGE_LOOP_ANALYSIS = YES;
				CLANG_WARN_STRICT_PROTOTYPES = YES;
				CLANG_WARN_SUSPICIOUS_MOVE = YES;
				CLANG_WARN_UNGUARDED_AVAILABILITY = YES_AGGRESSIVE;
				CLANG_WARN_UNREACHABLE_CODE = YES;
				CLANG_WARN__DUPLICATE_METHOD_MATCH = YES;
				COPY_PHASE_STRIP = NO;
				DEBUG_INFORMATION_FORMAT = dwarf;
				ENABLE_STRICT_OBJC_MSGSEND = YES;
				ENABLE_TESTABILITY = YES;
				GCC_C_LANGUAGE_STANDARD = gnu11;
				GCC_DYNAMIC_NO_PIC = NO;
				GCC_NO_COMMON_BLOCKS = YES;
				GCC_OPTIMIZATION_LEVEL = 0;
				GCC_PREPROCESSOR_DEFINITIONS = (
					"DEBUG=1",
					"$(inherited)",
				);
				GCC_WARN_64_TO_32_BIT_CONVERSION = YES;
				GCC_WARN_ABOUT_RETURN_TYPE = YES_ERROR;
				GCC_WARN_UNDECLARED_SELECTOR = YES;
				GCC_WARN_UNINITIALIZED_AUTOS = YES_AGGRESSIVE;
				GCC_WARN_UNUSED_FUNCTION = YES;
				GCC_WARN_UNUSED_VARIABLE = YES;
				IPHONEOS_DEPLOYMENT_TARGET = 14.5;
				MTL_ENABLE_DEBUG_INFO = INCLUDE_SOURCE;
				MTL_FAST_MATH = YES;
				ONLY_ACTIVE_ARCH = YES;
				SDKROOT = iphoneos;
				SWIFT_ACTIVE_COMPILATION_CONDITIONS = DEBUG;
				SWIFT_OPTIMIZATION_LEVEL = "-Onone";
			};
			name = Debug;
		};
		A3E4EBF226C36C0600D7DFA6 /* Release */ = {
			isa = XCBuildConfiguration;
			buildSettings = {
				ALWAYS_SEARCH_USER_PATHS = NO;
				CLANG_ANALYZER_NONNULL = YES;
				CLANG_ANALYZER_NUMBER_OBJECT_CONVERSION = YES_AGGRESSIVE;
				CLANG_CXX_LANGUAGE_STANDARD = "gnu++14";
				CLANG_CXX_LIBRARY = "libc++";
				CLANG_ENABLE_MODULES = YES;
				CLANG_ENABLE_OBJC_ARC = YES;
				CLANG_ENABLE_OBJC_WEAK = YES;
				CLANG_WARN_BLOCK_CAPTURE_AUTORELEASING = YES;
				CLANG_WARN_BOOL_CONVERSION = YES;
				CLANG_WARN_COMMA = YES;
				CLANG_WARN_CONSTANT_CONVERSION = YES;
				CLANG_WARN_DEPRECATED_OBJC_IMPLEMENTATIONS = YES;
				CLANG_WARN_DIRECT_OBJC_ISA_USAGE = YES_ERROR;
				CLANG_WARN_DOCUMENTATION_COMMENTS = YES;
				CLANG_WARN_EMPTY_BODY = YES;
				CLANG_WARN_ENUM_CONVERSION = YES;
				CLANG_WARN_INFINITE_RECURSION = YES;
				CLANG_WARN_INT_CONVERSION = YES;
				CLANG_WARN_NON_LITERAL_NULL_CONVERSION = YES;
				CLANG_WARN_OBJC_IMPLICIT_RETAIN_SELF = YES;
				CLANG_WARN_OBJC_LITERAL_CONVERSION = YES;
				CLANG_WARN_OBJC_ROOT_CLASS = YES_ERROR;
				CLANG_WARN_QUOTED_INCLUDE_IN_FRAMEWORK_HEADER = YES;
				CLANG_WARN_RANGE_LOOP_ANALYSIS = YES;
				CLANG_WARN_STRICT_PROTOTYPES = YES;
				CLANG_WARN_SUSPICIOUS_MOVE = YES;
				CLANG_WARN_UNGUARDED_AVAILABILITY = YES_AGGRESSIVE;
				CLANG_WARN_UNREACHABLE_CODE = YES;
				CLANG_WARN__DUPLICATE_METHOD_MATCH = YES;
				COPY_PHASE_STRIP = NO;
				DEBUG_INFORMATION_FORMAT = "dwarf-with-dsym";
				ENABLE_NS_ASSERTIONS = NO;
				ENABLE_STRICT_OBJC_MSGSEND = YES;
				GCC_C_LANGUAGE_STANDARD = gnu11;
				GCC_NO_COMMON_BLOCKS = YES;
				GCC_WARN_64_TO_32_BIT_CONVERSION = YES;
				GCC_WARN_ABOUT_RETURN_TYPE = YES_ERROR;
				GCC_WARN_UNDECLARED_SELECTOR = YES;
				GCC_WARN_UNINITIALIZED_AUTOS = YES_AGGRESSIVE;
				GCC_WARN_UNUSED_FUNCTION = YES;
				GCC_WARN_UNUSED_VARIABLE = YES;
				IPHONEOS_DEPLOYMENT_TARGET = 14.5;
				MTL_ENABLE_DEBUG_INFO = NO;
				MTL_FAST_MATH = YES;
				SDKROOT = iphoneos;
				SWIFT_COMPILATION_MODE = wholemodule;
				SWIFT_OPTIMIZATION_LEVEL = "-O";
				VALIDATE_PRODUCT = YES;
			};
			name = Release;
		};
		A3E4EBF426C36C0600D7DFA6 /* Debug */ = {
			isa = XCBuildConfiguration;
			buildSettings = {
				ASSETCATALOG_COMPILER_APPICON_NAME = AppIcon;
				ASSETCATALOG_COMPILER_GLOBAL_ACCENT_COLOR_NAME = AccentColor;
				CODE_SIGN_STYLE = Automatic;
				DEVELOPMENT_TEAM = 9J9FWPQU5K;
				INFOPLIST_FILE = Cuser/Info.plist;
				LD_RUNPATH_SEARCH_PATHS = (
					"$(inherited)",
					"@executable_path/Frameworks",
				);
				PRODUCT_BUNDLE_IDENTIFIER = jp.techacademy.kaisei.iwata.Cuser;
				PRODUCT_NAME = "$(TARGET_NAME)";
				SWIFT_VERSION = 5.0;
				TARGETED_DEVICE_FAMILY = "1,2";
			};
			name = Debug;
		};
		A3E4EBF526C36C0600D7DFA6 /* Release */ = {
			isa = XCBuildConfiguration;
			buildSettings = {
				ASSETCATALOG_COMPILER_APPICON_NAME = AppIcon;
				ASSETCATALOG_COMPILER_GLOBAL_ACCENT_COLOR_NAME = AccentColor;
				CODE_SIGN_STYLE = Automatic;
				DEVELOPMENT_TEAM = 9J9FWPQU5K;
				INFOPLIST_FILE = Cuser/Info.plist;
				LD_RUNPATH_SEARCH_PATHS = (
					"$(inherited)",
					"@executable_path/Frameworks",
				);
				PRODUCT_BUNDLE_IDENTIFIER = jp.techacademy.kaisei.iwata.Cuser;
				PRODUCT_NAME = "$(TARGET_NAME)";
				SWIFT_VERSION = 5.0;
				TARGETED_DEVICE_FAMILY = "1,2";
			};
			name = Release;
		};
		A3E4EBF726C36C0600D7DFA6 /* Debug */ = {
			isa = XCBuildConfiguration;
			buildSettings = {
				ALWAYS_EMBED_SWIFT_STANDARD_LIBRARIES = YES;
				BUNDLE_LOADER = "$(TEST_HOST)";
				CODE_SIGN_STYLE = Automatic;
				DEVELOPMENT_TEAM = 9J9FWPQU5K;
				INFOPLIST_FILE = CuserTests/Info.plist;
				IPHONEOS_DEPLOYMENT_TARGET = 14.5;
				LD_RUNPATH_SEARCH_PATHS = (
					"$(inherited)",
					"@executable_path/Frameworks",
					"@loader_path/Frameworks",
				);
				PRODUCT_BUNDLE_IDENTIFIER = jp.techacademy.kaisei.iwata.CuserTests;
				PRODUCT_NAME = "$(TARGET_NAME)";
				SWIFT_VERSION = 5.0;
				TARGETED_DEVICE_FAMILY = "1,2";
				TEST_HOST = "$(BUILT_PRODUCTS_DIR)/Cuser.app/Cuser";
			};
			name = Debug;
		};
		A3E4EBF826C36C0600D7DFA6 /* Release */ = {
			isa = XCBuildConfiguration;
			buildSettings = {
				ALWAYS_EMBED_SWIFT_STANDARD_LIBRARIES = YES;
				BUNDLE_LOADER = "$(TEST_HOST)";
				CODE_SIGN_STYLE = Automatic;
				DEVELOPMENT_TEAM = 9J9FWPQU5K;
				INFOPLIST_FILE = CuserTests/Info.plist;
				IPHONEOS_DEPLOYMENT_TARGET = 14.5;
				LD_RUNPATH_SEARCH_PATHS = (
					"$(inherited)",
					"@executable_path/Frameworks",
					"@loader_path/Frameworks",
				);
				PRODUCT_BUNDLE_IDENTIFIER = jp.techacademy.kaisei.iwata.CuserTests;
				PRODUCT_NAME = "$(TARGET_NAME)";
				SWIFT_VERSION = 5.0;
				TARGETED_DEVICE_FAMILY = "1,2";
				TEST_HOST = "$(BUILT_PRODUCTS_DIR)/Cuser.app/Cuser";
			};
			name = Release;
		};
		A3E4EBFA26C36C0600D7DFA6 /* Debug */ = {
			isa = XCBuildConfiguration;
			buildSettings = {
				ALWAYS_EMBED_SWIFT_STANDARD_LIBRARIES = YES;
				CODE_SIGN_STYLE = Automatic;
				DEVELOPMENT_TEAM = 9J9FWPQU5K;
				INFOPLIST_FILE = CuserUITests/Info.plist;
				LD_RUNPATH_SEARCH_PATHS = (
					"$(inherited)",
					"@executable_path/Frameworks",
					"@loader_path/Frameworks",
				);
				PRODUCT_BUNDLE_IDENTIFIER = jp.techacademy.kaisei.iwata.CuserUITests;
				PRODUCT_NAME = "$(TARGET_NAME)";
				SWIFT_VERSION = 5.0;
				TARGETED_DEVICE_FAMILY = "1,2";
				TEST_TARGET_NAME = Cuser;
			};
			name = Debug;
		};
		A3E4EBFB26C36C0600D7DFA6 /* Release */ = {
			isa = XCBuildConfiguration;
			buildSettings = {
				ALWAYS_EMBED_SWIFT_STANDARD_LIBRARIES = YES;
				CODE_SIGN_STYLE = Automatic;
				DEVELOPMENT_TEAM = 9J9FWPQU5K;
				INFOPLIST_FILE = CuserUITests/Info.plist;
				LD_RUNPATH_SEARCH_PATHS = (
					"$(inherited)",
					"@executable_path/Frameworks",
					"@loader_path/Frameworks",
				);
				PRODUCT_BUNDLE_IDENTIFIER = jp.techacademy.kaisei.iwata.CuserUITests;
				PRODUCT_NAME = "$(TARGET_NAME)";
				SWIFT_VERSION = 5.0;
				TARGETED_DEVICE_FAMILY = "1,2";
				TEST_TARGET_NAME = Cuser;
			};
			name = Release;
		};
/* End XCBuildConfiguration section */

/* Begin XCConfigurationList section */
		A3E4EBC426C36C0200D7DFA6 /* Build configuration list for PBXProject "Cuser" */ = {
			isa = XCConfigurationList;
			buildConfigurations = (
				A3E4EBF126C36C0600D7DFA6 /* Debug */,
				A3E4EBF226C36C0600D7DFA6 /* Release */,
			);
			defaultConfigurationIsVisible = 0;
			defaultConfigurationName = Release;
		};
		A3E4EBF326C36C0600D7DFA6 /* Build configuration list for PBXNativeTarget "Cuser" */ = {
			isa = XCConfigurationList;
			buildConfigurations = (
				A3E4EBF426C36C0600D7DFA6 /* Debug */,
				A3E4EBF526C36C0600D7DFA6 /* Release */,
			);
			defaultConfigurationIsVisible = 0;
			defaultConfigurationName = Release;
		};
		A3E4EBF626C36C0600D7DFA6 /* Build configuration list for PBXNativeTarget "CuserTests" */ = {
			isa = XCConfigurationList;
			buildConfigurations = (
				A3E4EBF726C36C0600D7DFA6 /* Debug */,
				A3E4EBF826C36C0600D7DFA6 /* Release */,
			);
			defaultConfigurationIsVisible = 0;
			defaultConfigurationName = Release;
		};
		A3E4EBF926C36C0600D7DFA6 /* Build configuration list for PBXNativeTarget "CuserUITests" */ = {
			isa = XCConfigurationList;
			buildConfigurations = (
				A3E4EBFA26C36C0600D7DFA6 /* Debug */,
				A3E4EBFB26C36C0600D7DFA6 /* Release */,
			);
			defaultConfigurationIsVisible = 0;
			defaultConfigurationName = Release;
		};
/* End XCConfigurationList section */
	};
	rootObject = A3E4EBC126C36C0200D7DFA6 /* Project object */;
}
